// !$*UTF8*$!
{
	archiveVersion = 1;
	classes = {
	};
	objectVersion = 50;
	objects = {

/* Begin PBXBuildFile section */
		4C69815A22EA47900086B63A /* AppDelegate.swift in Sources */ = {isa = PBXBuildFile; fileRef = 4C69815922EA47900086B63A /* AppDelegate.swift */; };
		4C69815C22EA47900086B63A /* SceneDelegate.swift in Sources */ = {isa = PBXBuildFile; fileRef = 4C69815B22EA47900086B63A /* SceneDelegate.swift */; };
		4C69815E22EA47900086B63A /* ViewController.swift in Sources */ = {isa = PBXBuildFile; fileRef = 4C69815D22EA47900086B63A /* ViewController.swift */; };
		4C69816122EA47900086B63A /* Main.storyboard in Resources */ = {isa = PBXBuildFile; fileRef = 4C69815F22EA47900086B63A /* Main.storyboard */; };
		4C69816322EA47940086B63A /* Assets.xcassets in Resources */ = {isa = PBXBuildFile; fileRef = 4C69816222EA47940086B63A /* Assets.xcassets */; };
		4C69816622EA47940086B63A /* LaunchScreen.storyboard in Resources */ = {isa = PBXBuildFile; fileRef = 4C69816422EA47940086B63A /* LaunchScreen.storyboard */; };
		4C69817222EA4BF50086B63A /* BubbleTabBarButton.swift in Sources */ = {isa = PBXBuildFile; fileRef = 4C69817122EA4BF50086B63A /* BubbleTabBarButton.swift */; };
/* End PBXBuildFile section */

/* Begin PBXFileReference section */
		4C69815622EA47900086B63A /* BubbleTabBarApp.app */ = {isa = PBXFileReference; explicitFileType = wrapper.application; includeInIndex = 0; path = BubbleTabBarApp.app; sourceTree = BUILT_PRODUCTS_DIR; };
		4C69815922EA47900086B63A /* AppDelegate.swift */ = {isa = PBXFileReference; lastKnownFileType = sourcecode.swift; path = AppDelegate.swift; sourceTree = "<group>"; };
		4C69815B22EA47900086B63A /* SceneDelegate.swift */ = {isa = PBXFileReference; lastKnownFileType = sourcecode.swift; path = SceneDelegate.swift; sourceTree = "<group>"; };
		4C69815D22EA47900086B63A /* ViewController.swift */ = {isa = PBXFileReference; lastKnownFileType = sourcecode.swift; path = ViewController.swift; sourceTree = "<group>"; };
		4C69816022EA47900086B63A /* Base */ = {isa = PBXFileReference; lastKnownFileType = file.storyboard; name = Base; path = Base.lproj/Main.storyboard; sourceTree = "<group>"; };
		4C69816222EA47940086B63A /* Assets.xcassets */ = {isa = PBXFileReference; lastKnownFileType = folder.assetcatalog; path = Assets.xcassets; sourceTree = "<group>"; };
		4C69816522EA47940086B63A /* Base */ = {isa = PBXFileReference; lastKnownFileType = file.storyboard; name = Base; path = Base.lproj/LaunchScreen.storyboard; sourceTree = "<group>"; };
		4C69816722EA47940086B63A /* Info.plist */ = {isa = PBXFileReference; lastKnownFileType = text.plist.xml; path = Info.plist; sourceTree = "<group>"; };
		4C69817122EA4BF50086B63A /* BubbleTabBarButton.swift */ = {isa = PBXFileReference; lastKnownFileType = sourcecode.swift; path = BubbleTabBarButton.swift; sourceTree = "<group>"; };
/* End PBXFileReference section */

/* Begin PBXFrameworksBuildPhase section */
		4C69815322EA47900086B63A /* Frameworks */ = {
			isa = PBXFrameworksBuildPhase;
			buildActionMask = 2147483647;
			files = (
			);
			runOnlyForDeploymentPostprocessing = 0;
		};
/* End PBXFrameworksBuildPhase section */

/* Begin PBXGroup section */
		4C69814D22EA47900086B63A = {
			isa = PBXGroup;
			children = (
				4C69817022EA4BD00086B63A /* BubbleTabBar */,
				4C69815822EA47900086B63A /* BubbleTabBarApp */,
				4C69815722EA47900086B63A /* Products */,
			);
			sourceTree = "<group>";
		};
		4C69815722EA47900086B63A /* Products */ = {
			isa = PBXGroup;
			children = (
				4C69815622EA47900086B63A /* BubbleTabBarApp.app */,
			);
			name = Products;
			sourceTree = "<group>";
		};
		4C69815822EA47900086B63A /* BubbleTabBarApp */ = {
			isa = PBXGroup;
			children = (
				4C69815922EA47900086B63A /* AppDelegate.swift */,
				4C69815B22EA47900086B63A /* SceneDelegate.swift */,
				4C69815D22EA47900086B63A /* ViewController.swift */,
				4C69815F22EA47900086B63A /* Main.storyboard */,
				4C69816222EA47940086B63A /* Assets.xcassets */,
				4C69816422EA47940086B63A /* LaunchScreen.storyboard */,
				4C69816722EA47940086B63A /* Info.plist */,
			);
			path = BubbleTabBarApp;
			sourceTree = "<group>";
		};
		4C69817022EA4BD00086B63A /* BubbleTabBar */ = {
			isa = PBXGroup;
			children = (
				4C69817122EA4BF50086B63A /* BubbleTabBarButton.swift */,
			);
			path = BubbleTabBar;
			sourceTree = "<group>";
		};
/* End PBXGroup section */

/* Begin PBXNativeTarget section */
		4C69815522EA47900086B63A /* BubbleTabBarApp */ = {
			isa = PBXNativeTarget;
			buildConfigurationList = 4C69816A22EA47940086B63A /* Build configuration list for PBXNativeTarget "BubbleTabBarApp" */;
			buildPhases = (
				4C69815222EA47900086B63A /* Sources */,
				4C69815322EA47900086B63A /* Frameworks */,
				4C69815422EA47900086B63A /* Resources */,
			);
			buildRules = (
			);
			dependencies = (
			);
			name = BubbleTabBarApp;
			productName = BubbleTabBarApp;
			productReference = 4C69815622EA47900086B63A /* BubbleTabBarApp.app */;
			productType = "com.apple.product-type.application";
		};
/* End PBXNativeTarget section */

/* Begin PBXProject section */
		4C69814E22EA47900086B63A /* Project object */ = {
			isa = PBXProject;
			attributes = {
				LastSwiftUpdateCheck = 1100;
				LastUpgradeCheck = 1100;
				ORGANIZATIONNAME = "Marcus Vinícius";
				TargetAttributes = {
					4C69815522EA47900086B63A = {
						CreatedOnToolsVersion = 11.0;
					};
				};
			};
			buildConfigurationList = 4C69815122EA47900086B63A /* Build configuration list for PBXProject "BubbleTabBarApp" */;
			compatibilityVersion = "Xcode 9.3";
			developmentRegion = en;
			hasScannedForEncodings = 0;
			knownRegions = (
				en,
				Base,
			);
			mainGroup = 4C69814D22EA47900086B63A;
			productRefGroup = 4C69815722EA47900086B63A /* Products */;
			projectDirPath = "";
			projectRoot = "";
			targets = (
				4C69815522EA47900086B63A /* BubbleTabBarApp */,
			);
		};
/* End PBXProject section */

/* Begin PBXResourcesBuildPhase section */
		4C69815422EA47900086B63A /* Resources */ = {
			isa = PBXResourcesBuildPhase;
			buildActionMask = 2147483647;
			files = (
				4C69816622EA47940086B63A /* LaunchScreen.storyboard in Resources */,
				4C69816322EA47940086B63A /* Assets.xcassets in Resources */,
				4C69816122EA47900086B63A /* Main.storyboard in Resources */,
			);
			runOnlyForDeploymentPostprocessing = 0;
		};
/* End PBXResourcesBuildPhase section */

/* Begin PBXSourcesBuildPhase section */
		4C69815222EA47900086B63A /* Sources */ = {
			isa = PBXSourcesBuildPhase;
			buildActionMask = 2147483647;
			files = (
				4C69815E22EA47900086B63A /* ViewController.swift in Sources */,
				4C69815A22EA47900086B63A /* AppDelegate.swift in Sources */,
				4C69817222EA4BF50086B63A /* BubbleTabBarButton.swift in Sources */,
				4C69815C22EA47900086B63A /* SceneDelegate.swift in Sources */,
			);
			runOnlyForDeploymentPostprocessing = 0;
		};
/* End PBXSourcesBuildPhase section */

/* Begin PBXVariantGroup section */
		4C69815F22EA47900086B63A /* Main.storyboard */ = {
			isa = PBXVariantGroup;
			children = (
				4C69816022EA47900086B63A /* Base */,
			);
			name = Main.storyboard;
			sourceTree = "<group>";
		};
		4C69816422EA47940086B63A /* LaunchScreen.storyboard */ = {
			isa = PBXVariantGroup;
			children = (
				4C69816522EA47940086B63A /* Base */,
			);
			name = LaunchScreen.storyboard;
			sourceTree = "<group>";
		};
/* End PBXVariantGroup section */

/* Begin XCBuildConfiguration section */
		4C69816822EA47940086B63A /* Debug */ = {
			isa = XCBuildConfiguration;
			buildSettings = {
				ALWAYS_SEARCH_USER_PATHS = NO;
				CLANG_ANALYZER_NONNULL = YES;
				CLANG_ANALYZER_NUMBER_OBJECT_CONVERSION = YES_AGGRESSIVE;
				CLANG_CXX_LANGUAGE_STANDARD = "gnu++14";
				CLANG_CXX_LIBRARY = "libc++";
				CLANG_ENABLE_MODULES = YES;
				CLANG_ENABLE_OBJC_ARC = YES;
				CLANG_ENABLE_OBJC_WEAK = YES;
				CLANG_WARN_BLOCK_CAPTURE_AUTORELEASING = YES;
				CLANG_WARN_BOOL_CONVERSION = YES;
				CLANG_WARN_COMMA = YES;
				CLANG_WARN_CONSTANT_CONVERSION = YES;
				CLANG_WARN_DEPRECATED_OBJC_IMPLEMENTATIONS = YES;
				CLANG_WARN_DIRECT_OBJC_ISA_USAGE = YES_ERROR;
				CLANG_WARN_DOCUMENTATION_COMMENTS = YES;
				CLANG_WARN_EMPTY_BODY = YES;
				CLANG_WARN_ENUM_CONVERSION = YES;
				CLANG_WARN_INFINITE_RECURSION = YES;
				CLANG_WARN_INT_CONVERSION = YES;
				CLANG_WARN_NON_LITERAL_NULL_CONVERSION = YES;
				CLANG_WARN_OBJC_IMPLICIT_RETAIN_SELF = YES;
				CLANG_WARN_OBJC_LITERAL_CONVERSION = YES;
				CLANG_WARN_OBJC_ROOT_CLASS = YES_ERROR;
				CLANG_WARN_RANGE_LOOP_ANALYSIS = YES;
				CLANG_WARN_STRICT_PROTOTYPES = YES;
				CLANG_WARN_SUSPICIOUS_MOVE = YES;
				CLANG_WARN_UNGUARDED_AVAILABILITY = YES_AGGRESSIVE;
				CLANG_WARN_UNREACHABLE_CODE = YES;
				CLANG_WARN__DUPLICATE_METHOD_MATCH = YES;
				COPY_PHASE_STRIP = NO;
				DEBUG_INFORMATION_FORMAT = dwarf;
				ENABLE_STRICT_OBJC_MSGSEND = YES;
				ENABLE_TESTABILITY = YES;
				GCC_C_LANGUAGE_STANDARD = gnu11;
				GCC_DYNAMIC_NO_PIC = NO;
				GCC_NO_COMMON_BLOCKS = YES;
				GCC_OPTIMIZATION_LEVEL = 0;
				GCC_PREPROCESSOR_DEFINITIONS = (
					"DEBUG=1",
					"$(inherited)",
				);
				GCC_WARN_64_TO_32_BIT_CONVERSION = YES;
				GCC_WARN_ABOUT_RETURN_TYPE = YES_ERROR;
				GCC_WARN_UNDECLARED_SELECTOR = YES;
				GCC_WARN_UNINITIALIZED_AUTOS = YES_AGGRESSIVE;
				GCC_WARN_UNUSED_FUNCTION = YES;
				GCC_WARN_UNUSED_VARIABLE = YES;
				IPHONEOS_DEPLOYMENT_TARGET = 13.0;
				MTL_ENABLE_DEBUG_INFO = INCLUDE_SOURCE;
				MTL_FAST_MATH = YES;
				ONLY_ACTIVE_ARCH = YES;
				SDKROOT = iphoneos;
				SWIFT_ACTIVE_COMPILATION_CONDITIONS = DEBUG;
				SWIFT_OPTIMIZATION_LEVEL = "-Onone";
			};
			name = Debug;
		};
		4C69816922EA47940086B63A /* Release */ = {
			isa = XCBuildConfiguration;
			buildSettings = {
				ALWAYS_SEARCH_USER_PATHS = NO;
				CLANG_ANALYZER_NONNULL = YES;
				CLANG_ANALYZER_NUMBER_OBJECT_CONVERSION = YES_AGGRESSIVE;
				CLANG_CXX_LANGUAGE_STANDARD = "gnu++14";
				CLANG_CXX_LIBRARY = "libc++";
				CLANG_ENABLE_MODULES = YES;
				CLANG_ENABLE_OBJC_ARC = YES;
				CLANG_ENABLE_OBJC_WEAK = YES;
				CLANG_WARN_BLOCK_CAPTURE_AUTORELEASING = YES;
				CLANG_WARN_BOOL_CONVERSION = YES;
				CLANG_WARN_COMMA = YES;
				CLANG_WARN_CONSTANT_CONVERSION = YES;
				CLANG_WARN_DEPRECATED_OBJC_IMPLEMENTATIONS = YES;
				CLANG_WARN_DIRECT_OBJC_ISA_USAGE = YES_ERROR;
				CLANG_WARN_DOCUMENTATION_COMMENTS = YES;
				CLANG_WARN_EMPTY_BODY = YES;
				CLANG_WARN_ENUM_CONVERSION = YES;
				CLANG_WARN_INFINITE_RECURSION = YES;
				CLANG_WARN_INT_CONVERSION = YES;
				CLANG_WARN_NON_LITERAL_NULL_CONVERSION = YES;
				CLANG_WARN_OBJC_IMPLICIT_RETAIN_SELF = YES;
				CLANG_WARN_OBJC_LITERAL_CONVERSION = YES;
				CLANG_WARN_OBJC_ROOT_CLASS = YES_ERROR;
				CLANG_WARN_RANGE_LOOP_ANALYSIS = YES;
				CLANG_WARN_STRICT_PROTOTYPES = YES;
				CLANG_WARN_SUSPICIOUS_MOVE = YES;
				CLANG_WARN_UNGUARDED_AVAILABILITY = YES_AGGRESSIVE;
				CLANG_WARN_UNREACHABLE_CODE = YES;
				CLANG_WARN__DUPLICATE_METHOD_MATCH = YES;
				COPY_PHASE_STRIP = NO;
				DEBUG_INFORMATION_FORMAT = "dwarf-with-dsym";
				ENABLE_NS_ASSERTIONS = NO;
				ENABLE_STRICT_OBJC_MSGSEND = YES;
				GCC_C_LANGUAGE_STANDARD = gnu11;
				GCC_NO_COMMON_BLOCKS = YES;
				GCC_WARN_64_TO_32_BIT_CONVERSION = YES;
				GCC_WARN_ABOUT_RETURN_TYPE = YES_ERROR;
				GCC_WARN_UNDECLARED_SELECTOR = YES;
				GCC_WARN_UNINITIALIZED_AUTOS = YES_AGGRESSIVE;
				GCC_WARN_UNUSED_FUNCTION = YES;
				GCC_WARN_UNUSED_VARIABLE = YES;
				IPHONEOS_DEPLOYMENT_TARGET = 13.0;
				MTL_ENABLE_DEBUG_INFO = NO;
				MTL_FAST_MATH = YES;
				SDKROOT = iphoneos;
				SWIFT_COMPILATION_MODE = wholemodule;
				SWIFT_OPTIMIZATION_LEVEL = "-O";
				VALIDATE_PRODUCT = YES;
			};
			name = Release;
		};
		4C69816B22EA47940086B63A /* Debug */ = {
			isa = XCBuildConfiguration;
			buildSettings = {
				ASSETCATALOG_COMPILER_APPICON_NAME = AppIcon;
				CODE_SIGN_STYLE = Automatic;
				DEVELOPMENT_TEAM = 799V25S6K7;
				INFOPLIST_FILE = BubbleTabBarApp/Info.plist;
				LD_RUNPATH_SEARCH_PATHS = (
					"$(inherited)",
					"@executable_path/Frameworks",
				);
				PRODUCT_BUNDLE_IDENTIFIER = com.academy.BubbleTabBarApp;
				PRODUCT_NAME = "$(TARGET_NAME)";
				SWIFT_VERSION = 5.0;
				TARGETED_DEVICE_FAMILY = 1;
			};
			name = Debug;
		};
		4C69816C22EA47940086B63A /* Release */ = {
			isa = XCBuildConfiguration;
			buildSettings = {
				ASSETCATALOG_COMPILER_APPICON_NAME = AppIcon;
				CODE_SIGN_STYLE = Automatic;
				DEVELOPMENT_TEAM = 799V25S6K7;
				INFOPLIST_FILE = BubbleTabBarApp/Info.plist;
				LD_RUNPATH_SEARCH_PATHS = (
					"$(inherited)",
					"@executable_path/Frameworks",
				);
				PRODUCT_BUNDLE_IDENTIFIER = com.academy.BubbleTabBarApp;
				PRODUCT_NAME = "$(TARGET_NAME)";
				SWIFT_VERSION = 5.0;
				TARGETED_DEVICE_FAMILY = 1;
			};
			name = Release;
		};
/* End XCBuildConfiguration section */

/* Begin XCConfigurationList section */
		4C69815122EA47900086B63A /* Build configuration list for PBXProject "BubbleTabBarApp" */ = {
			isa = XCConfigurationList;
			buildConfigurations = (
				4C69816822EA47940086B63A /* Debug */,
				4C69816922EA47940086B63A /* Release */,
			);
			defaultConfigurationIsVisible = 0;
			defaultConfigurationName = Release;
		};
		4C69816A22EA47940086B63A /* Build configuration list for PBXNativeTarget "BubbleTabBarApp" */ = {
			isa = XCConfigurationList;
			buildConfigurations = (
				4C69816B22EA47940086B63A /* Debug */,
				4C69816C22EA47940086B63A /* Release */,
			);
			defaultConfigurationIsVisible = 0;
			defaultConfigurationName = Release;
		};
/* End XCConfigurationList section */
	};
	rootObject = 4C69814E22EA47900086B63A /* Project object */;
}
